
Microsoft Visual Studio Solution File, Format Version 12.00
# Visual Studio 15
Project("{FAE04EC0-301F-11D3-BF4B-00C04F79EFBC}") = "Belajar1", "Belajar1.csproj", "{C8A3084C-4B52-645B-5739-7002FC34A998}"
EndProject
Project("{FAE04EC0-301F-11D3-BF4B-00C04F79EFBC}") = "Belajar1.Editor", "Belajar1.Editor.csproj", "{EA18FF9D-699B-2EA3-A570-5E9133B63820}"
EndProject
Global
	GlobalSection(SolutionConfigurationPlatforms) = preSolution
		Debug|Any CPU = Debug|Any CPU
		Release|Any CPU = Release|Any CPU
	EndGlobalSection
	GlobalSection(ProjectConfigurationPlatforms) = postSolution
		{C8A3084C-4B52-645B-5739-7002FC34A998}.Debug|Any CPU.ActiveCfg = Debug|Any CPU
		{C8A3084C-4B52-645B-5739-7002FC34A998}.Debug|Any CPU.Build.0 = Debug|Any CPU
		{C8A3084C-4B52-645B-5739-7002FC34A998}.Release|Any CPU.ActiveCfg = Release|Any CPU
		{C8A3084C-4B52-645B-5739-7002FC34A998}.Release|Any CPU.Build.0 = Release|Any CPU
		{EA18FF9D-699B-2EA3-A570-5E9133B63820}.Debug|Any CPU.ActiveCfg = Debug|Any CPU
		{EA18FF9D-699B-2EA3-A570-5E9133B63820}.Debug|Any CPU.Build.0 = Debug|Any CPU
		{EA18FF9D-699B-2EA3-A570-5E9133B63820}.Release|Any CPU.ActiveCfg = Release|Any CPU
		{EA18FF9D-699B-2EA3-A570-5E9133B63820}.Release|Any CPU.Build.0 = Release|Any CPU
	EndGlobalSection
	GlobalSection(SolutionProperties) = preSolution
		HideSolutionNode = FALSE
	EndGlobalSection
EndGlobal
